{
  "name": "fingerprint-biometric-auth-system",
  "lockfileVersion": 3,
  "requires": true,
  "packages": {
    "": {
      "dependencies": {
        "tiff": "^6.2.0"
      }
    },
    "node_modules/iobuffer": {
      "version": "5.4.0",
      "resolved": "https://registry.npmjs.org/iobuffer/-/iobuffer-5.4.0.tgz",
      "integrity": "sha512-DRebOWuqDvxunfkNJAlc3IzWIPD5xVxwUNbHr7xKB8E6aLJxIPfNX3CoMJghcFjpv6RWQsrcJbghtEwSPoJqMA==",
      "license": "MIT"
    },
    "node_modules/pako": {
      "version": "2.1.0",
      "resolved": "https://registry.npmjs.org/pako/-/pako-2.1.0.tgz",
      "integrity": "sha512-w+eufiZ1WuJYgPXbV/PO3NCMEc3xqylkKHzp8bxp1uW4qaSNQUkwmLLEc3kKsfz8lpV1F8Ht3U1Cm+9Srog2ug==",
      "license": "(MIT AND Zlib)"
    },
    "node_modules/tiff": {
      "version": "6.2.0",
      "resolved": "https://registry.npmjs.org/tiff/-/tiff-6.2.0.tgz",
      "integrity": "sha512-2oqrUZd1SUmCl1DGoBCWtQb0gVq6A81SoIpuQX4Os/VRA2Waa7ovF1hWzFhVFZkjFSC2B7w24aq6gjqIl7TAVg==",
      "license": "MIT",
      "dependencies": {
        "iobuffer": "^5.3.2",
        "pako": "^2.1.0"
      }
    }
  }
}
